
Microsoft Visual Studio Solution File, Format Version 12.00
# Visual Studio Version 17
VisualStudioVersion = 17.3.32929.385
MinimumVisualStudioVersion = 10.0.40219.1
Project("{FAE04EC0-301F-11D3-BF4B-00C04F79EFBC}") = "Access modifiers account class", "Access modifiers account class\Access modifiers account class.csproj", "{40386B28-89F0-4072-BA8E-074D8D7D5D4C}"
EndProject
Global
	GlobalSection(SolutionConfigurationPlatforms) = preSolution
		Debug|Any CPU = Debug|Any CPU
		Release|Any CPU = Release|Any CPU
	EndGlobalSection
	GlobalSection(ProjectConfigurationPlatforms) = postSolution
		{40386B28-89F0-4072-BA8E-074D8D7D5D4C}.Debug|Any CPU.ActiveCfg = Debug|Any CPU
		{40386B28-89F0-4072-BA8E-074D8D7D5D4C}.Debug|Any CPU.Build.0 = Debug|Any CPU
		{40386B28-89F0-4072-BA8E-074D8D7D5D4C}.Release|Any CPU.ActiveCfg = Release|Any CPU
		{40386B28-89F0-4072-BA8E-074D8D7D5D4C}.Release|Any CPU.Build.0 = Release|Any CPU
	EndGlobalSection
	GlobalSection(SolutionProperties) = preSolution
		HideSolutionNode = FALSE
	EndGlobalSection
	GlobalSection(ExtensibilityGlobals) = postSolution
		SolutionGuid = {55C909DB-EB2C-4DB8-877C-EDDAD48A95A4}
	EndGlobalSection
EndGlobal
